// !$*UTF8*$!
{
	archiveVersion = 1;
	classes = {
	};
	objectVersion = 54;
	objects = {

/* Begin PBXAggregateTarget section */
		CBDB16A012334F1A980547A9 /* ALL_BUILD */ = {
			isa = PBXAggregateTarget;
			buildConfigurationList = D9AA4CFDC83E42C9A63E7E3A /* Build configuration list for PBXAggregateTarget "ALL_BUILD" */;
			buildPhases = (
				E77DF1EDB19B31ADDD01F255 /* Generate CMakeFiles/ALL_BUILD */,
			);
			dependencies = (
				1D006BEE84DE48638EECD1FB /* PBXTargetDependency */,
				2732DBA0F588462BBCB502BC /* PBXTargetDependency */,
			);
			name = ALL_BUILD;
			productName = ALL_BUILD;
		};
		DAD9332ED88742BFB36175D3 /* ZERO_CHECK */ = {
			isa = PBXAggregateTarget;
			buildConfigurationList = BBECEDA251BF4A5AAF5057B5 /* Build configuration list for PBXAggregateTarget "ZERO_CHECK" */;
			buildPhases = (
				4278A97EC8BF2E975072ACE0 /* Generate CMakeFiles/ZERO_CHECK */,
			);
			dependencies = (
			);
			name = ZERO_CHECK;
			productName = ZERO_CHECK;
		};
/* End PBXAggregateTarget section */

/* Begin PBXBuildFile section */
		995BB57CA1DB445381659A14 /* helloSFML.cpp in Sources */ = {isa = PBXBuildFile; fileRef = ED13CF7423F54DF991FF30E1 /* helloSFML.cpp */; };
/* End PBXBuildFile section */

/* Begin PBXContainerItemProxy section */
		3B70422C9EE74C3FA3E881F4 /* PBXContainerItemProxy */ = {
			isa = PBXContainerItemProxy;
			containerPortal = 24383CDD42DF4F08B52152D5 /* Project object */;
			proxyType = 1;
			remoteGlobalIDString = DAD9332ED88742BFB36175D3;
			remoteInfo = ZERO_CHECK;
		};
		77A59AD70F894D02A6BFB6F9 /* PBXContainerItemProxy */ = {
			isa = PBXContainerItemProxy;
			containerPortal = 24383CDD42DF4F08B52152D5 /* Project object */;
			proxyType = 1;
			remoteGlobalIDString = DAD9332ED88742BFB36175D3;
			remoteInfo = ZERO_CHECK;
		};
		C3FE2357F0584FDBBFCE6687 /* PBXContainerItemProxy */ = {
			isa = PBXContainerItemProxy;
			containerPortal = 24383CDD42DF4F08B52152D5 /* Project object */;
			proxyType = 1;
			remoteGlobalIDString = 13D7939B589348228DAD2609;
			remoteInfo = testSFML;
		};
/* End PBXContainerItemProxy section */

/* Begin PBXFileReference section */
		3A872A1E344448DDB51AB7CC /* CMakeLists.txt */ = {isa = PBXFileReference; explicitFileType = sourcecode.text; fileEncoding = 4; lastKnownFileType = text; path = CMakeLists.txt; sourceTree = SOURCE_ROOT; };
		5A8F6066477044D0A546CF2B /* testSFML */ = {isa = PBXFileReference; explicitFileType = "compiled.mach-o.executable"; path = testSFML; sourceTree = BUILT_PRODUCTS_DIR; };
		7CD99C2D239C40E4B2D06180 /* CMakeLists.txt */ = {isa = PBXFileReference; explicitFileType = sourcecode.text; fileEncoding = 4; lastKnownFileType = text; path = CMakeLists.txt; sourceTree = SOURCE_ROOT; };
		ED13CF7423F54DF991FF30E1 /* helloSFML.cpp */ = {isa = PBXFileReference; explicitFileType = sourcecode.cpp.cpp; fileEncoding = 4; name = helloSFML.cpp; path = src/helloSFML.cpp; sourceTree = SOURCE_ROOT; };
/* End PBXFileReference section */

/* Begin PBXFrameworksBuildPhase section */
		F856A61ABF1547EF97BDE342 /* Frameworks */ = {
			isa = PBXFrameworksBuildPhase;
			buildActionMask = 2147483647;
			files = (
			);
			runOnlyForDeploymentPostprocessing = 0;
		};
/* End PBXFrameworksBuildPhase section */

/* Begin PBXGroup section */
		1B1B943356434B5695B33808 /* Frameworks */ = {
			isa = PBXGroup;
			children = (
			);
			name = Frameworks;
			sourceTree = "<group>";
		};
		3D14D04C810E4538B3E1B97C /* Products */ = {
			isa = PBXGroup;
			children = (
				5A8F6066477044D0A546CF2B /* testSFML */,
			);
			name = Products;
			sourceTree = "<group>";
		};
		55E0195701B647D5ADCB29EE /* Source Files */ = {
			isa = PBXGroup;
			children = (
				ED13CF7423F54DF991FF30E1 /* helloSFML.cpp */,
			);
			name = "Source Files";
			sourceTree = "<group>";
		};
		B879DFACE67D4FE79C66F6F0 /* ALL_BUILD */ = {
			isa = PBXGroup;
			children = (
				E893F1E913FE4A7D82912BE3 /* CMake Rules */,
				3A872A1E344448DDB51AB7CC /* CMakeLists.txt */,
			);
			name = ALL_BUILD;
			sourceTree = "<group>";
		};
		DFFD695E7EB6419BA92BC48A /* testSFML */ = {
			isa = PBXGroup;
			children = (
				55E0195701B647D5ADCB29EE /* Source Files */,
				7CD99C2D239C40E4B2D06180 /* CMakeLists.txt */,
			);
			name = testSFML;
			sourceTree = "<group>";
		};
		E23CF19BBBF24014AA803F8C = {
			isa = PBXGroup;
			children = (
				DFFD695E7EB6419BA92BC48A /* testSFML */,
				B879DFACE67D4FE79C66F6F0 /* ALL_BUILD */,
				3D14D04C810E4538B3E1B97C /* Products */,
				1B1B943356434B5695B33808 /* Frameworks */,
			);
			sourceTree = "<group>";
		};
		E893F1E913FE4A7D82912BE3 /* CMake Rules */ = {
			isa = PBXGroup;
			children = (
			);
			name = "CMake Rules";
			sourceTree = "<group>";
		};
/* End PBXGroup section */

/* Begin PBXNativeTarget section */
		13D7939B589348228DAD2609 /* testSFML */ = {
			isa = PBXNativeTarget;
			buildConfigurationList = 36BC6503FCA647CDACD32504 /* Build configuration list for PBXNativeTarget "testSFML" */;
			buildPhases = (
				D557B5C569EE4EAE896A67E7 /* Sources */,
				F856A61ABF1547EF97BDE342 /* Frameworks */,
			);
			buildRules = (
			);
			dependencies = (
				B6379049E29C4867A4C851BA /* PBXTargetDependency */,
			);
			name = testSFML;
			productName = testSFML;
			productReference = 5A8F6066477044D0A546CF2B /* testSFML */;
			productType = "com.apple.product-type.tool";
		};
/* End PBXNativeTarget section */

/* Begin PBXProject section */
		24383CDD42DF4F08B52152D5 /* Project object */ = {
			isa = PBXProject;
			attributes = {
				LastUpgradeCheck = 1340;
			};
			buildConfigurationList = 4C0F31A3826F4FF4B4AED60A /* Build configuration list for PBXProject "testSFML" */;
			compatibilityVersion = "Xcode 3.2";
			developmentRegion = en;
			hasScannedForEncodings = 0;
			knownRegions = (
				en,
				Base,
			);
			mainGroup = E23CF19BBBF24014AA803F8C;
			projectDirPath = /Users/xuchen/myGithubRepo/SFMLSample;
			projectRoot = "";
			targets = (
				CBDB16A012334F1A980547A9 /* ALL_BUILD */,
				DAD9332ED88742BFB36175D3 /* ZERO_CHECK */,
				13D7939B589348228DAD2609 /* testSFML */,
			);
		};
/* End PBXProject section */

/* Begin PBXShellScriptBuildPhase section */
		4278A97EC8BF2E975072ACE0 /* Generate CMakeFiles/ZERO_CHECK */ = {
			isa = PBXShellScriptBuildPhase;
			alwaysOutOfDate = 1;
			buildActionMask = 2147483647;
			files = (
			);
			inputPaths = (
			);
			name = "Generate CMakeFiles/ZERO_CHECK";
			outputPaths = (
				/Users/xuchen/myGithubRepo/SFMLSample/xcode/CMakeFiles/ZERO_CHECK,
			);
			runOnlyForDeploymentPostprocessing = 0;
			shellPath = /bin/sh;
			shellScript = "set -e\nif test \"$CONFIGURATION\" = \"Debug\"; then :\n  cd /Users/xuchen/myGithubRepo/SFMLSample/xcode\n  make -f /Users/xuchen/myGithubRepo/SFMLSample/xcode/CMakeScripts/ReRunCMake.make\nfi\nif test \"$CONFIGURATION\" = \"Release\"; then :\n  cd /Users/xuchen/myGithubRepo/SFMLSample/xcode\n  make -f /Users/xuchen/myGithubRepo/SFMLSample/xcode/CMakeScripts/ReRunCMake.make\nfi\nif test \"$CONFIGURATION\" = \"MinSizeRel\"; then :\n  cd /Users/xuchen/myGithubRepo/SFMLSample/xcode\n  make -f /Users/xuchen/myGithubRepo/SFMLSample/xcode/CMakeScripts/ReRunCMake.make\nfi\nif test \"$CONFIGURATION\" = \"RelWithDebInfo\"; then :\n  cd /Users/xuchen/myGithubRepo/SFMLSample/xcode\n  make -f /Users/xuchen/myGithubRepo/SFMLSample/xcode/CMakeScripts/ReRunCMake.make\nfi\n";
			showEnvVarsInLog = 0;
		};
		E77DF1EDB19B31ADDD01F255 /* Generate CMakeFiles/ALL_BUILD */ = {
			isa = PBXShellScriptBuildPhase;
			alwaysOutOfDate = 1;
			buildActionMask = 2147483647;
			files = (
			);
			inputPaths = (
			);
			name = "Generate CMakeFiles/ALL_BUILD";
			outputPaths = (
				/Users/xuchen/myGithubRepo/SFMLSample/xcode/CMakeFiles/ALL_BUILD,
			);
			runOnlyForDeploymentPostprocessing = 0;
			shellPath = /bin/sh;
			shellScript = "set -e\nif test \"$CONFIGURATION\" = \"Debug\"; then :\n  cd /Users/xuchen/myGithubRepo/SFMLSample/xcode\n  echo Build\\ all\\ projects\nfi\nif test \"$CONFIGURATION\" = \"Release\"; then :\n  cd /Users/xuchen/myGithubRepo/SFMLSample/xcode\n  echo Build\\ all\\ projects\nfi\nif test \"$CONFIGURATION\" = \"MinSizeRel\"; then :\n  cd /Users/xuchen/myGithubRepo/SFMLSample/xcode\n  echo Build\\ all\\ projects\nfi\nif test \"$CONFIGURATION\" = \"RelWithDebInfo\"; then :\n  cd /Users/xuchen/myGithubRepo/SFMLSample/xcode\n  echo Build\\ all\\ projects\nfi\n";
			showEnvVarsInLog = 0;
		};
/* End PBXShellScriptBuildPhase section */

/* Begin PBXSourcesBuildPhase section */
		D557B5C569EE4EAE896A67E7 /* Sources */ = {
			isa = PBXSourcesBuildPhase;
			buildActionMask = 2147483647;
			files = (
				995BB57CA1DB445381659A14 /* helloSFML.cpp in Sources */,
			);
			runOnlyForDeploymentPostprocessing = 0;
		};
/* End PBXSourcesBuildPhase section */

/* Begin PBXTargetDependency section */
		1D006BEE84DE48638EECD1FB /* PBXTargetDependency */ = {
			isa = PBXTargetDependency;
			target = 13D7939B589348228DAD2609 /* testSFML */;
			targetProxy = C3FE2357F0584FDBBFCE6687 /* PBXContainerItemProxy */;
		};
		2732DBA0F588462BBCB502BC /* PBXTargetDependency */ = {
			isa = PBXTargetDependency;
			target = DAD9332ED88742BFB36175D3 /* ZERO_CHECK */;
			targetProxy = 77A59AD70F894D02A6BFB6F9 /* PBXContainerItemProxy */;
		};
		B6379049E29C4867A4C851BA /* PBXTargetDependency */ = {
			isa = PBXTargetDependency;
			target = DAD9332ED88742BFB36175D3 /* ZERO_CHECK */;
			targetProxy = 3B70422C9EE74C3FA3E881F4 /* PBXContainerItemProxy */;
		};
/* End PBXTargetDependency section */

/* Begin XCBuildConfiguration section */
		0814296953D84A86A523D630 /* Debug */ = {
			isa = XCBuildConfiguration;
			buildSettings = {
				ARCHS = arm64;
				COMBINE_HIDPI_IMAGES = YES;
				GCC_GENERATE_DEBUGGING_SYMBOLS = YES;
				GCC_INLINES_ARE_PRIVATE_EXTERN = NO;
				GCC_OPTIMIZATION_LEVEL = 0;
				GCC_PREPROCESSOR_DEFINITIONS = (
					"'CMAKE_INTDIR=\"$(CONFIGURATION)$(EFFECTIVE_PLATFORM_NAME)\"'",
					"$(inherited)",
				);
				GCC_SYMBOLS_PRIVATE_EXTERN = NO;
				INSTALL_PATH = "";
				ONLY_ACTIVE_ARCH = NO;
				OTHER_LDFLAGS = " $(inherited)";
				OTHER_REZFLAGS = "";
				PRODUCT_NAME = ZERO_CHECK;
				SECTORDER_FLAGS = "";
				SYMROOT = /Users/xuchen/myGithubRepo/SFMLSample/xcode;
				USE_HEADERMAP = NO;
				WARNING_CFLAGS = "$(inherited)";
			};
			name = Debug;
		};
		0F7C623176FF487381096E2C /* RelWithDebInfo */ = {
			isa = XCBuildConfiguration;
			buildSettings = {
				ARCHS = arm64;
				COMBINE_HIDPI_IMAGES = YES;
				EXECUTABLE_PREFIX = "";
				EXECUTABLE_SUFFIX = "";
				GCC_GENERATE_DEBUGGING_SYMBOLS = YES;
				GCC_INLINES_ARE_PRIVATE_EXTERN = NO;
				GCC_OPTIMIZATION_LEVEL = 2;
				GCC_PREPROCESSOR_DEFINITIONS = (
					"'CMAKE_INTDIR=\"$(CONFIGURATION)$(EFFECTIVE_PLATFORM_NAME)\"'",
					"$(inherited)",
				);
				GCC_SYMBOLS_PRIVATE_EXTERN = NO;
				INSTALL_PATH = "";
				LD_RUNPATH_SEARCH_PATHS = (
					/opt/homebrew/lib,
					"$(inherited)",
				);
				ONLY_ACTIVE_ARCH = NO;
				OTHER_CPLUSPLUSFLAGS = (
					"-DNDEBUG",
					"'-std=c++17'",
				);
				OTHER_LDFLAGS = (
					"-Wl,-search_paths_first",
					"-Wl,-headerpad_max_install_names",
					"/opt/homebrew/lib/libsfml-graphics.2.5.1.dylib",
					"/opt/homebrew/lib/libsfml-window.2.5.1.dylib",
					"/opt/homebrew/lib/libsfml-system.2.5.1.dylib",
					"$(inherited)",
				);
				OTHER_REZFLAGS = "";
				PRODUCT_NAME = testSFML;
				SECTORDER_FLAGS = "";
				SYMROOT = /Users/xuchen/myGithubRepo/SFMLSample/xcode;
				SYSTEM_HEADER_SEARCH_PATHS = (
					/opt/homebrew/include,
					"$(inherited)",
				);
				USE_HEADERMAP = NO;
				WARNING_CFLAGS = "$(inherited)";
			};
			name = RelWithDebInfo;
		};
		14D5019341124398959D068E /* RelWithDebInfo */ = {
			isa = XCBuildConfiguration;
			buildSettings = {
				ARCHS = arm64;
				COMBINE_HIDPI_IMAGES = YES;
				GCC_GENERATE_DEBUGGING_SYMBOLS = YES;
				GCC_INLINES_ARE_PRIVATE_EXTERN = NO;
				GCC_OPTIMIZATION_LEVEL = 0;
				GCC_PREPROCESSOR_DEFINITIONS = (
					"'CMAKE_INTDIR=\"$(CONFIGURATION)$(EFFECTIVE_PLATFORM_NAME)\"'",
					"$(inherited)",
				);
				GCC_SYMBOLS_PRIVATE_EXTERN = NO;
				HEADER_SEARCH_PATHS = /opt/homebrew/include;
				INSTALL_PATH = "";
				ONLY_ACTIVE_ARCH = NO;
				OTHER_LDFLAGS = (
					L/opt/homebrew/lib,
					"-lsfml-graphics",
					"-lsfml-system",
					"-lsfml-window",
				);
				OTHER_REZFLAGS = "";
				PRODUCT_NAME = ALL_BUILD;
				SECTORDER_FLAGS = "";
				SYMROOT = /Users/xuchen/myGithubRepo/SFMLSample/xcode;
				USE_HEADERMAP = NO;
				WARNING_CFLAGS = "$(inherited)";
			};
			name = RelWithDebInfo;
		};
		1A920330B9B647D79352BA56 /* MinSizeRel */ = {
			isa = XCBuildConfiguration;
			buildSettings = {
				ARCHS = arm64;
				SDKROOT = /Applications/Xcode.app/Contents/Developer/Platforms/MacOSX.platform/Developer/SDKs/MacOSX12.3.sdk;
				SYMROOT = /Users/xuchen/myGithubRepo/SFMLSample/xcode/build;
			};
			name = MinSizeRel;
		};
		46124C3311714397AF845C79 /* MinSizeRel */ = {
			isa = XCBuildConfiguration;
			buildSettings = {
				ARCHS = arm64;
				COMBINE_HIDPI_IMAGES = YES;
				GCC_GENERATE_DEBUGGING_SYMBOLS = YES;
				GCC_INLINES_ARE_PRIVATE_EXTERN = NO;
				GCC_OPTIMIZATION_LEVEL = 0;
				GCC_PREPROCESSOR_DEFINITIONS = (
					"'CMAKE_INTDIR=\"$(CONFIGURATION)$(EFFECTIVE_PLATFORM_NAME)\"'",
					"$(inherited)",
				);
				GCC_SYMBOLS_PRIVATE_EXTERN = NO;
				HEADER_SEARCH_PATHS = /opt/homebrew/include;
				INSTALL_PATH = "";
				ONLY_ACTIVE_ARCH = NO;
				OTHER_LDFLAGS = (
					L/opt/homebrew/lib,
					"-lsfml-graphics",
					"-lsfml-system",
					"-lsfml-window",
				);
				OTHER_REZFLAGS = "";
				PRODUCT_NAME = ALL_BUILD;
				SECTORDER_FLAGS = "";
				SYMROOT = /Users/xuchen/myGithubRepo/SFMLSample/xcode;
				USE_HEADERMAP = NO;
				WARNING_CFLAGS = "$(inherited)";
			};
			name = MinSizeRel;
		};
		51AACFCD085A4DF5B761DCE1 /* Release */ = {
			isa = XCBuildConfiguration;
			buildSettings = {
				ARCHS = arm64;
				COMBINE_HIDPI_IMAGES = YES;
				GCC_GENERATE_DEBUGGING_SYMBOLS = YES;
				GCC_INLINES_ARE_PRIVATE_EXTERN = NO;
				GCC_OPTIMIZATION_LEVEL = 0;
				GCC_PREPROCESSOR_DEFINITIONS = (
					"'CMAKE_INTDIR=\"$(CONFIGURATION)$(EFFECTIVE_PLATFORM_NAME)\"'",
					"$(inherited)",
				);
				GCC_SYMBOLS_PRIVATE_EXTERN = NO;
				HEADER_SEARCH_PATHS = /opt/homebrew/include;
				INSTALL_PATH = "";
				ONLY_ACTIVE_ARCH = NO;
				OTHER_LDFLAGS = (
					L/opt/homebrew/lib,
					"-lsfml-graphics",
					"-lsfml-system",
					"-lsfml-window",
				);
				OTHER_REZFLAGS = "";
				PRODUCT_NAME = ALL_BUILD;
				SECTORDER_FLAGS = "";
				SYMROOT = /Users/xuchen/myGithubRepo/SFMLSample/xcode;
				USE_HEADERMAP = NO;
				WARNING_CFLAGS = "$(inherited)";
			};
			name = Release;
		};
		78726366BD3C4D6BB9FDBB30 /* RelWithDebInfo */ = {
			isa = XCBuildConfiguration;
			buildSettings = {
				ARCHS = arm64;
				COMBINE_HIDPI_IMAGES = YES;
				GCC_GENERATE_DEBUGGING_SYMBOLS = YES;
				GCC_INLINES_ARE_PRIVATE_EXTERN = NO;
				GCC_OPTIMIZATION_LEVEL = 0;
				GCC_PREPROCESSOR_DEFINITIONS = (
					"'CMAKE_INTDIR=\"$(CONFIGURATION)$(EFFECTIVE_PLATFORM_NAME)\"'",
					"$(inherited)",
				);
				GCC_SYMBOLS_PRIVATE_EXTERN = NO;
				INSTALL_PATH = "";
				ONLY_ACTIVE_ARCH = NO;
				OTHER_LDFLAGS = " $(inherited)";
				OTHER_REZFLAGS = "";
				PRODUCT_NAME = ZERO_CHECK;
				SECTORDER_FLAGS = "";
				SYMROOT = /Users/xuchen/myGithubRepo/SFMLSample/xcode;
				USE_HEADERMAP = NO;
				WARNING_CFLAGS = "$(inherited)";
			};
			name = RelWithDebInfo;
		};
		A97AA0F812FE4C888D221EFE /* Release */ = {
			isa = XCBuildConfiguration;
			buildSettings = {
				ARCHS = arm64;
				COMBINE_HIDPI_IMAGES = YES;
				EXECUTABLE_PREFIX = "";
				EXECUTABLE_SUFFIX = "";
				GCC_GENERATE_DEBUGGING_SYMBOLS = NO;
				GCC_INLINES_ARE_PRIVATE_EXTERN = NO;
				GCC_OPTIMIZATION_LEVEL = 3;
				GCC_PREPROCESSOR_DEFINITIONS = (
					"'CMAKE_INTDIR=\"$(CONFIGURATION)$(EFFECTIVE_PLATFORM_NAME)\"'",
					"$(inherited)",
				);
				GCC_SYMBOLS_PRIVATE_EXTERN = NO;
				INSTALL_PATH = "";
				LD_RUNPATH_SEARCH_PATHS = (
					/opt/homebrew/lib,
					"$(inherited)",
				);
				ONLY_ACTIVE_ARCH = NO;
				OTHER_CPLUSPLUSFLAGS = (
					"-DNDEBUG",
					"'-std=c++17'",
				);
				OTHER_LDFLAGS = (
					"-Wl,-search_paths_first",
					"-Wl,-headerpad_max_install_names",
					"/opt/homebrew/lib/libsfml-graphics.2.5.1.dylib",
					"/opt/homebrew/lib/libsfml-window.2.5.1.dylib",
					"/opt/homebrew/lib/libsfml-system.2.5.1.dylib",
					"$(inherited)",
				);
				OTHER_REZFLAGS = "";
				PRODUCT_NAME = testSFML;
				SECTORDER_FLAGS = "";
				SYMROOT = /Users/xuchen/myGithubRepo/SFMLSample/xcode;
				SYSTEM_HEADER_SEARCH_PATHS = (
					/opt/homebrew/include,
					"$(inherited)",
				);
				USE_HEADERMAP = NO;
				WARNING_CFLAGS = "$(inherited)";
			};
			name = Release;
		};
		B7ADFCCD3F0B4DC3885B6D97 /* Debug */ = {
			isa = XCBuildConfiguration;
			buildSettings = {
				ARCHS = arm64;
				COMBINE_HIDPI_IMAGES = YES;
				GCC_GENERATE_DEBUGGING_SYMBOLS = YES;
				GCC_INLINES_ARE_PRIVATE_EXTERN = NO;
				GCC_OPTIMIZATION_LEVEL = 0;
				GCC_PREPROCESSOR_DEFINITIONS = (
					"'CMAKE_INTDIR=\"$(CONFIGURATION)$(EFFECTIVE_PLATFORM_NAME)\"'",
					"$(inherited)",
				);
				GCC_SYMBOLS_PRIVATE_EXTERN = NO;
				HEADER_SEARCH_PATHS = /opt/homebrew/include;
				INSTALL_PATH = "";
				ONLY_ACTIVE_ARCH = NO;
				OTHER_LDFLAGS = (
					L/opt/homebrew/lib,
					"-lsfml-graphics",
					"-lsfml-system",
					"-lsfml-window",
				);
				OTHER_REZFLAGS = "";
				PRODUCT_NAME = ALL_BUILD;
				SECTORDER_FLAGS = "";
				SYMROOT = /Users/xuchen/myGithubRepo/SFMLSample/xcode;
				USE_HEADERMAP = NO;
				WARNING_CFLAGS = "$(inherited)";
			};
			name = Debug;
		};
		CB3067ED0F8740F7A487BB09 /* Release */ = {
			isa = XCBuildConfiguration;
			buildSettings = {
				ARCHS = arm64;
				COMBINE_HIDPI_IMAGES = YES;
				GCC_GENERATE_DEBUGGING_SYMBOLS = YES;
				GCC_INLINES_ARE_PRIVATE_EXTERN = NO;
				GCC_OPTIMIZATION_LEVEL = 0;
				GCC_PREPROCESSOR_DEFINITIONS = (
					"'CMAKE_INTDIR=\"$(CONFIGURATION)$(EFFECTIVE_PLATFORM_NAME)\"'",
					"$(inherited)",
				);
				GCC_SYMBOLS_PRIVATE_EXTERN = NO;
				INSTALL_PATH = "";
				ONLY_ACTIVE_ARCH = NO;
				OTHER_LDFLAGS = " $(inherited)";
				OTHER_REZFLAGS = "";
				PRODUCT_NAME = ZERO_CHECK;
				SECTORDER_FLAGS = "";
				SYMROOT = /Users/xuchen/myGithubRepo/SFMLSample/xcode;
				USE_HEADERMAP = NO;
				WARNING_CFLAGS = "$(inherited)";
			};
			name = Release;
		};
		D9792CF99F2D4A3A855EA22B /* MinSizeRel */ = {
			isa = XCBuildConfiguration;
			buildSettings = {
				ARCHS = arm64;
				COMBINE_HIDPI_IMAGES = YES;
				GCC_GENERATE_DEBUGGING_SYMBOLS = YES;
				GCC_INLINES_ARE_PRIVATE_EXTERN = NO;
				GCC_OPTIMIZATION_LEVEL = 0;
				GCC_PREPROCESSOR_DEFINITIONS = (
					"'CMAKE_INTDIR=\"$(CONFIGURATION)$(EFFECTIVE_PLATFORM_NAME)\"'",
					"$(inherited)",
				);
				GCC_SYMBOLS_PRIVATE_EXTERN = NO;
				INSTALL_PATH = "";
				ONLY_ACTIVE_ARCH = NO;
				OTHER_LDFLAGS = " $(inherited)";
				OTHER_REZFLAGS = "";
				PRODUCT_NAME = ZERO_CHECK;
				SECTORDER_FLAGS = "";
				SYMROOT = /Users/xuchen/myGithubRepo/SFMLSample/xcode;
				USE_HEADERMAP = NO;
				WARNING_CFLAGS = "$(inherited)";
			};
			name = MinSizeRel;
		};
		DA95ADF6F9914A70B43259A1 /* MinSizeRel */ = {
			isa = XCBuildConfiguration;
			buildSettings = {
				ARCHS = arm64;
				COMBINE_HIDPI_IMAGES = YES;
				EXECUTABLE_PREFIX = "";
				EXECUTABLE_SUFFIX = "";
				GCC_GENERATE_DEBUGGING_SYMBOLS = NO;
				GCC_INLINES_ARE_PRIVATE_EXTERN = NO;
				GCC_OPTIMIZATION_LEVEL = s;
				GCC_PREPROCESSOR_DEFINITIONS = (
					"'CMAKE_INTDIR=\"$(CONFIGURATION)$(EFFECTIVE_PLATFORM_NAME)\"'",
					"$(inherited)",
				);
				GCC_SYMBOLS_PRIVATE_EXTERN = NO;
				INSTALL_PATH = "";
				LD_RUNPATH_SEARCH_PATHS = (
					/opt/homebrew/lib,
					"$(inherited)",
				);
				ONLY_ACTIVE_ARCH = NO;
				OTHER_CPLUSPLUSFLAGS = (
					"-DNDEBUG",
					"'-std=c++17'",
				);
				OTHER_LDFLAGS = (
					"-Wl,-search_paths_first",
					"-Wl,-headerpad_max_install_names",
					"/opt/homebrew/lib/libsfml-graphics.2.5.1.dylib",
					"/opt/homebrew/lib/libsfml-window.2.5.1.dylib",
					"/opt/homebrew/lib/libsfml-system.2.5.1.dylib",
					"$(inherited)",
				);
				OTHER_REZFLAGS = "";
				PRODUCT_NAME = testSFML;
				SECTORDER_FLAGS = "";
				SYMROOT = /Users/xuchen/myGithubRepo/SFMLSample/xcode;
				SYSTEM_HEADER_SEARCH_PATHS = (
					/opt/homebrew/include,
					"$(inherited)",
				);
				USE_HEADERMAP = NO;
				WARNING_CFLAGS = "$(inherited)";
			};
			name = MinSizeRel;
		};
		DAB8FD6B28AA431F906FFA44 /* Release */ = {
			isa = XCBuildConfiguration;
			buildSettings = {
				ARCHS = arm64;
				SDKROOT = /Applications/Xcode.app/Contents/Developer/Platforms/MacOSX.platform/Developer/SDKs/MacOSX12.3.sdk;
				SYMROOT = /Users/xuchen/myGithubRepo/SFMLSample/xcode/build;
			};
			name = Release;
		};
		E58FAC6D702B471C8EDCA867 /* RelWithDebInfo */ = {
			isa = XCBuildConfiguration;
			buildSettings = {
				ARCHS = arm64;
				SDKROOT = /Applications/Xcode.app/Contents/Developer/Platforms/MacOSX.platform/Developer/SDKs/MacOSX12.3.sdk;
				SYMROOT = /Users/xuchen/myGithubRepo/SFMLSample/xcode/build;
			};
			name = RelWithDebInfo;
		};
		F9E01C71E93A4D95AD818A12 /* Debug */ = {
			isa = XCBuildConfiguration;
			buildSettings = {
				ARCHS = arm64;
				COMBINE_HIDPI_IMAGES = YES;
				EXECUTABLE_PREFIX = "";
				EXECUTABLE_SUFFIX = "";
				GCC_GENERATE_DEBUGGING_SYMBOLS = YES;
				GCC_INLINES_ARE_PRIVATE_EXTERN = NO;
				GCC_OPTIMIZATION_LEVEL = 0;
				GCC_PREPROCESSOR_DEFINITIONS = (
					"'CMAKE_INTDIR=\"$(CONFIGURATION)$(EFFECTIVE_PLATFORM_NAME)\"'",
					"$(inherited)",
				);
				GCC_SYMBOLS_PRIVATE_EXTERN = NO;
				INSTALL_PATH = "";
				LD_RUNPATH_SEARCH_PATHS = (
					/opt/homebrew/lib,
					"$(inherited)",
				);
				ONLY_ACTIVE_ARCH = NO;
				OTHER_CPLUSPLUSFLAGS = "   '-std=c++17' ";
				OTHER_LDFLAGS = (
					"-Wl,-search_paths_first",
					"-Wl,-headerpad_max_install_names",
					"/opt/homebrew/lib/libsfml-graphics.2.5.1.dylib",
					"/opt/homebrew/lib/libsfml-window.2.5.1.dylib",
					"/opt/homebrew/lib/libsfml-system.2.5.1.dylib",
					"$(inherited)",
				);
				OTHER_REZFLAGS = "";
				PRODUCT_NAME = testSFML;
				SECTORDER_FLAGS = "";
				SYMROOT = /Users/xuchen/myGithubRepo/SFMLSample/xcode;
				SYSTEM_HEADER_SEARCH_PATHS = (
					/opt/homebrew/include,
					"$(inherited)",
				);
				USE_HEADERMAP = NO;
				WARNING_CFLAGS = "$(inherited)";
			};
			name = Debug;
		};
		FECDDBF7BE3D41BEA327E5D7 /* Debug */ = {
			isa = XCBuildConfiguration;
			buildSettings = {
				ARCHS = arm64;
				SDKROOT = /Applications/Xcode.app/Contents/Developer/Platforms/MacOSX.platform/Developer/SDKs/MacOSX12.3.sdk;
				SYMROOT = /Users/xuchen/myGithubRepo/SFMLSample/xcode/build;
			};
			name = Debug;
		};
/* End XCBuildConfiguration section */

/* Begin XCConfigurationList section */
		36BC6503FCA647CDACD32504 /* Build configuration list for PBXNativeTarget "testSFML" */ = {
			isa = XCConfigurationList;
			buildConfigurations = (
				F9E01C71E93A4D95AD818A12 /* Debug */,
				A97AA0F812FE4C888D221EFE /* Release */,
				DA95ADF6F9914A70B43259A1 /* MinSizeRel */,
				0F7C623176FF487381096E2C /* RelWithDebInfo */,
			);
			defaultConfigurationIsVisible = 0;
			defaultConfigurationName = Debug;
		};
		4C0F31A3826F4FF4B4AED60A /* Build configuration list for PBXProject "testSFML" */ = {
			isa = XCConfigurationList;
			buildConfigurations = (
				FECDDBF7BE3D41BEA327E5D7 /* Debug */,
				DAB8FD6B28AA431F906FFA44 /* Release */,
				1A920330B9B647D79352BA56 /* MinSizeRel */,
				E58FAC6D702B471C8EDCA867 /* RelWithDebInfo */,
			);
			defaultConfigurationIsVisible = 0;
			defaultConfigurationName = Debug;
		};
		BBECEDA251BF4A5AAF5057B5 /* Build configuration list for PBXAggregateTarget "ZERO_CHECK" */ = {
			isa = XCConfigurationList;
			buildConfigurations = (
				0814296953D84A86A523D630 /* Debug */,
				CB3067ED0F8740F7A487BB09 /* Release */,
				D9792CF99F2D4A3A855EA22B /* MinSizeRel */,
				78726366BD3C4D6BB9FDBB30 /* RelWithDebInfo */,
			);
			defaultConfigurationIsVisible = 0;
			defaultConfigurationName = Debug;
		};
		D9AA4CFDC83E42C9A63E7E3A /* Build configuration list for PBXAggregateTarget "ALL_BUILD" */ = {
			isa = XCConfigurationList;
			buildConfigurations = (
				B7ADFCCD3F0B4DC3885B6D97 /* Debug */,
				51AACFCD085A4DF5B761DCE1 /* Release */,
				46124C3311714397AF845C79 /* MinSizeRel */,
				14D5019341124398959D068E /* RelWithDebInfo */,
			);
			defaultConfigurationIsVisible = 0;
			defaultConfigurationName = Debug;
		};
/* End XCConfigurationList section */
	};
	rootObject = 24383CDD42DF4F08B52152D5 /* Project object */;
}
