// !$*UTF8*$!
{
	archiveVersion = 1;
	classes = {
	};
	objectVersion = 54;
	objects = {

/* Begin PBXAggregateTarget section */
		14FFB32CDBB647DE80DE0D9C /* ZERO_CHECK */ = {
			isa = PBXAggregateTarget;
			buildConfigurationList = 302F753F37EC4AC9B47D51AB /* Build configuration list for PBXAggregateTarget "ZERO_CHECK" */;
			buildPhases = (
				71271BF73E0DD4441EDB7755 /* Generate CMakeFiles/ZERO_CHECK */,
			);
			dependencies = (
			);
			name = ZERO_CHECK;
			productName = ZERO_CHECK;
		};
		A8318A9AA90446ED97B93146 /* ALL_BUILD */ = {
			isa = PBXAggregateTarget;
			buildConfigurationList = 0DDB257D91F340B5BFE60187 /* Build configuration list for PBXAggregateTarget "ALL_BUILD" */;
			buildPhases = (
				4CA96F949205E0C14D5FBC12 /* Generate CMakeFiles/ALL_BUILD */,
			);
			dependencies = (
				B9B21C7D33FC4A739892D26D /* PBXTargetDependency */,
				512BD37C5FEA4BDC982E33E6 /* PBXTargetDependency */,
			);
			name = ALL_BUILD;
			productName = ALL_BUILD;
		};
/* End PBXAggregateTarget section */

/* Begin PBXBuildFile section */
		2E93042BE89B46F8A1A37F26 /* game.cpp in Sources */ = {isa = PBXBuildFile; fileRef = 0BC90D4C6B4346D3A085E967 /* game.cpp */; };
		44A28FB028E9870000AE4F91 /* make.cpp in Sources */ = {isa = PBXBuildFile; fileRef = 44A28FAF28E9870000AE4F91 /* make.cpp */; };
/* End PBXBuildFile section */

/* Begin PBXContainerItemProxy section */
		45A8D41200B54FEA9DCD4C90 /* PBXContainerItemProxy */ = {
			isa = PBXContainerItemProxy;
			containerPortal = 21D597C00FD74B919BE12A4F /* Project object */;
			proxyType = 1;
			remoteGlobalIDString = 14FFB32CDBB647DE80DE0D9C;
			remoteInfo = ZERO_CHECK;
		};
		B52C84B3C89F4D6AB2D0ADD1 /* PBXContainerItemProxy */ = {
			isa = PBXContainerItemProxy;
			containerPortal = 21D597C00FD74B919BE12A4F /* Project object */;
			proxyType = 1;
			remoteGlobalIDString = 14FFB32CDBB647DE80DE0D9C;
			remoteInfo = ZERO_CHECK;
		};
		F5C68BA0F44E41738178EBBA /* PBXContainerItemProxy */ = {
			isa = PBXContainerItemProxy;
			containerPortal = 21D597C00FD74B919BE12A4F /* Project object */;
			proxyType = 1;
			remoteGlobalIDString = 85018E7485AD496F953FD388;
			remoteInfo = testgame;
		};
/* End PBXContainerItemProxy section */

/* Begin PBXFileReference section */
		0BC90D4C6B4346D3A085E967 /* game.cpp */ = {isa = PBXFileReference; explicitFileType = sourcecode.cpp.cpp; fileEncoding = 4; name = game.cpp; path = src/game.cpp; sourceTree = SOURCE_ROOT; };
		44A28FAF28E9870000AE4F91 /* make.cpp */ = {isa = PBXFileReference; fileEncoding = 4; lastKnownFileType = sourcecode.cpp.cpp; name = make.cpp; path = src/make.cpp; sourceTree = "<group>"; };
		44A28FB128E9870B00AE4F91 /* make.hpp */ = {isa = PBXFileReference; fileEncoding = 4; lastKnownFileType = sourcecode.cpp.h; name = make.hpp; path = src/make.hpp; sourceTree = "<group>"; };
		5BA61194C6DF47DEAFDD4BF4 /* CMakeLists.txt */ = {isa = PBXFileReference; explicitFileType = sourcecode.text; fileEncoding = 4; lastKnownFileType = text; path = CMakeLists.txt; sourceTree = SOURCE_ROOT; };
		81F3E3A204E3442685130503 /* testgame */ = {isa = PBXFileReference; explicitFileType = "compiled.mach-o.executable"; path = testgame; sourceTree = BUILT_PRODUCTS_DIR; };
		C3F6A33F38AA41A0B0A78CE4 /* CMakeLists.txt */ = {isa = PBXFileReference; explicitFileType = sourcecode.text; fileEncoding = 4; lastKnownFileType = text; path = CMakeLists.txt; sourceTree = SOURCE_ROOT; };
/* End PBXFileReference section */

/* Begin PBXFrameworksBuildPhase section */
		809E451D2C0546EFAAADD96D /* Frameworks */ = {
			isa = PBXFrameworksBuildPhase;
			buildActionMask = 2147483647;
			files = (
			);
			runOnlyForDeploymentPostprocessing = 0;
		};
/* End PBXFrameworksBuildPhase section */

/* Begin PBXGroup section */
		27B6C472FEF54A618E7BA598 /* CMake Rules */ = {
			isa = PBXGroup;
			children = (
			);
			name = "CMake Rules";
			sourceTree = "<group>";
		};
		A17920669218422AB15B77B1 /* Frameworks */ = {
			isa = PBXGroup;
			children = (
			);
			name = Frameworks;
			sourceTree = "<group>";
		};
		A721AA92764B4C019B7E448D /* ALL_BUILD */ = {
			isa = PBXGroup;
			children = (
				27B6C472FEF54A618E7BA598 /* CMake Rules */,
				5BA61194C6DF47DEAFDD4BF4 /* CMakeLists.txt */,
			);
			name = ALL_BUILD;
			sourceTree = "<group>";
		};
		B0860B67B1064D1A8119A03B /* Products */ = {
			isa = PBXGroup;
			children = (
				81F3E3A204E3442685130503 /* testgame */,
			);
			name = Products;
			sourceTree = "<group>";
		};
		BCE2D8BD7C1E46908C5885CE = {
			isa = PBXGroup;
			children = (
				DF84F1EA333B45099B52A8A2 /* testgame */,
				A721AA92764B4C019B7E448D /* ALL_BUILD */,
				B0860B67B1064D1A8119A03B /* Products */,
				A17920669218422AB15B77B1 /* Frameworks */,
			);
			sourceTree = "<group>";
		};
		DF84F1EA333B45099B52A8A2 /* testgame */ = {
			isa = PBXGroup;
			children = (
				FFCF5D38B79F42D4BC0BEA37 /* Source Files */,
				C3F6A33F38AA41A0B0A78CE4 /* CMakeLists.txt */,
			);
			name = testgame;
			sourceTree = "<group>";
		};
		FFCF5D38B79F42D4BC0BEA37 /* Source Files */ = {
			isa = PBXGroup;
			children = (
				44A28FB128E9870B00AE4F91 /* make.hpp */,
				44A28FAF28E9870000AE4F91 /* make.cpp */,
				0BC90D4C6B4346D3A085E967 /* game.cpp */,
			);
			name = "Source Files";
			sourceTree = "<group>";
		};
/* End PBXGroup section */

/* Begin PBXNativeTarget section */
		85018E7485AD496F953FD388 /* testgame */ = {
			isa = PBXNativeTarget;
			buildConfigurationList = 418AE63EC48A434EB8BAE025 /* Build configuration list for PBXNativeTarget "testgame" */;
			buildPhases = (
				1048AFB0BF1A4B5FA901AB32 /* Sources */,
				809E451D2C0546EFAAADD96D /* Frameworks */,
			);
			buildRules = (
			);
			dependencies = (
				DB2BBF061C0F4587BF65E282 /* PBXTargetDependency */,
			);
			name = testgame;
			productName = testgame;
			productReference = 81F3E3A204E3442685130503 /* testgame */;
			productType = "com.apple.product-type.tool";
		};
/* End PBXNativeTarget section */

/* Begin PBXProject section */
		21D597C00FD74B919BE12A4F /* Project object */ = {
			isa = PBXProject;
			attributes = {
				LastUpgradeCheck = 1340;
			};
			buildConfigurationList = 59E32D369F8C4914BFEB9317 /* Build configuration list for PBXProject "game" */;
			compatibilityVersion = "Xcode 3.2";
			developmentRegion = en;
			hasScannedForEncodings = 0;
			knownRegions = (
				en,
				Base,
			);
			mainGroup = BCE2D8BD7C1E46908C5885CE;
			projectDirPath = /Users/xuchen/myGithubRepo/game;
			projectRoot = "";
			targets = (
				A8318A9AA90446ED97B93146 /* ALL_BUILD */,
				14FFB32CDBB647DE80DE0D9C /* ZERO_CHECK */,
				85018E7485AD496F953FD388 /* testgame */,
			);
		};
/* End PBXProject section */

/* Begin PBXShellScriptBuildPhase section */
		4CA96F949205E0C14D5FBC12 /* Generate CMakeFiles/ALL_BUILD */ = {
			isa = PBXShellScriptBuildPhase;
			alwaysOutOfDate = 1;
			buildActionMask = 2147483647;
			files = (
			);
			inputPaths = (
			);
			name = "Generate CMakeFiles/ALL_BUILD";
			outputPaths = (
				/Users/xuchen/myGithubRepo/game/xcode/CMakeFiles/ALL_BUILD,
			);
			runOnlyForDeploymentPostprocessing = 0;
			shellPath = /bin/sh;
			shellScript = "set -e\nif test \"$CONFIGURATION\" = \"Debug\"; then :\n  cd /Users/xuchen/myGithubRepo/game/xcode\n  echo Build\\ all\\ projects\nfi\nif test \"$CONFIGURATION\" = \"Release\"; then :\n  cd /Users/xuchen/myGithubRepo/game/xcode\n  echo Build\\ all\\ projects\nfi\nif test \"$CONFIGURATION\" = \"MinSizeRel\"; then :\n  cd /Users/xuchen/myGithubRepo/game/xcode\n  echo Build\\ all\\ projects\nfi\nif test \"$CONFIGURATION\" = \"RelWithDebInfo\"; then :\n  cd /Users/xuchen/myGithubRepo/game/xcode\n  echo Build\\ all\\ projects\nfi\n";
			showEnvVarsInLog = 0;
		};
		71271BF73E0DD4441EDB7755 /* Generate CMakeFiles/ZERO_CHECK */ = {
			isa = PBXShellScriptBuildPhase;
			alwaysOutOfDate = 1;
			buildActionMask = 2147483647;
			files = (
			);
			inputPaths = (
			);
			name = "Generate CMakeFiles/ZERO_CHECK";
			outputPaths = (
				/Users/xuchen/myGithubRepo/game/xcode/CMakeFiles/ZERO_CHECK,
			);
			runOnlyForDeploymentPostprocessing = 0;
			shellPath = /bin/sh;
			shellScript = "set -e\nif test \"$CONFIGURATION\" = \"Debug\"; then :\n  cd /Users/xuchen/myGithubRepo/game/xcode\n  make -f /Users/xuchen/myGithubRepo/game/xcode/CMakeScripts/ReRunCMake.make\nfi\nif test \"$CONFIGURATION\" = \"Release\"; then :\n  cd /Users/xuchen/myGithubRepo/game/xcode\n  make -f /Users/xuchen/myGithubRepo/game/xcode/CMakeScripts/ReRunCMake.make\nfi\nif test \"$CONFIGURATION\" = \"MinSizeRel\"; then :\n  cd /Users/xuchen/myGithubRepo/game/xcode\n  make -f /Users/xuchen/myGithubRepo/game/xcode/CMakeScripts/ReRunCMake.make\nfi\nif test \"$CONFIGURATION\" = \"RelWithDebInfo\"; then :\n  cd /Users/xuchen/myGithubRepo/game/xcode\n  make -f /Users/xuchen/myGithubRepo/game/xcode/CMakeScripts/ReRunCMake.make\nfi\n";
			showEnvVarsInLog = 0;
		};
/* End PBXShellScriptBuildPhase section */

/* Begin PBXSourcesBuildPhase section */
		1048AFB0BF1A4B5FA901AB32 /* Sources */ = {
			isa = PBXSourcesBuildPhase;
			buildActionMask = 2147483647;
			files = (
				2E93042BE89B46F8A1A37F26 /* game.cpp in Sources */,
				44A28FB028E9870000AE4F91 /* make.cpp in Sources */,
			);
			runOnlyForDeploymentPostprocessing = 0;
		};
/* End PBXSourcesBuildPhase section */

/* Begin PBXTargetDependency section */
		512BD37C5FEA4BDC982E33E6 /* PBXTargetDependency */ = {
			isa = PBXTargetDependency;
			target = 14FFB32CDBB647DE80DE0D9C /* ZERO_CHECK */;
			targetProxy = B52C84B3C89F4D6AB2D0ADD1 /* PBXContainerItemProxy */;
		};
		B9B21C7D33FC4A739892D26D /* PBXTargetDependency */ = {
			isa = PBXTargetDependency;
			target = 85018E7485AD496F953FD388 /* testgame */;
			targetProxy = F5C68BA0F44E41738178EBBA /* PBXContainerItemProxy */;
		};
		DB2BBF061C0F4587BF65E282 /* PBXTargetDependency */ = {
			isa = PBXTargetDependency;
			target = 14FFB32CDBB647DE80DE0D9C /* ZERO_CHECK */;
			targetProxy = 45A8D41200B54FEA9DCD4C90 /* PBXContainerItemProxy */;
		};
/* End PBXTargetDependency section */

/* Begin XCBuildConfiguration section */
		0DA21D69FAB043E5B8DAD3DC /* Release */ = {
			isa = XCBuildConfiguration;
			buildSettings = {
				ARCHS = arm64;
				COMBINE_HIDPI_IMAGES = YES;
				GCC_GENERATE_DEBUGGING_SYMBOLS = YES;
				GCC_INLINES_ARE_PRIVATE_EXTERN = NO;
				GCC_OPTIMIZATION_LEVEL = 0;
				GCC_PREPROCESSOR_DEFINITIONS = (
					"'CMAKE_INTDIR=\"$(CONFIGURATION)$(EFFECTIVE_PLATFORM_NAME)\"'",
					"$(inherited)",
				);
				GCC_SYMBOLS_PRIVATE_EXTERN = NO;
				INSTALL_PATH = "";
				ONLY_ACTIVE_ARCH = NO;
				OTHER_LDFLAGS = " $(inherited)";
				OTHER_REZFLAGS = "";
				PRODUCT_NAME = ZERO_CHECK;
				SECTORDER_FLAGS = "";
				SYMROOT = /Users/xuchen/myGithubRepo/game/xcode;
				USE_HEADERMAP = NO;
				WARNING_CFLAGS = "$(inherited)";
			};
			name = Release;
		};
		1F5531FEB481426F9C67B529 /* RelWithDebInfo */ = {
			isa = XCBuildConfiguration;
			buildSettings = {
				ARCHS = arm64;
				COMBINE_HIDPI_IMAGES = YES;
				GCC_GENERATE_DEBUGGING_SYMBOLS = YES;
				GCC_INLINES_ARE_PRIVATE_EXTERN = NO;
				GCC_OPTIMIZATION_LEVEL = 0;
				GCC_PREPROCESSOR_DEFINITIONS = (
					"'CMAKE_INTDIR=\"$(CONFIGURATION)$(EFFECTIVE_PLATFORM_NAME)\"'",
					"$(inherited)",
				);
				GCC_SYMBOLS_PRIVATE_EXTERN = NO;
				INSTALL_PATH = "";
				ONLY_ACTIVE_ARCH = NO;
				OTHER_LDFLAGS = " $(inherited)";
				OTHER_REZFLAGS = "";
				PRODUCT_NAME = ALL_BUILD;
				SECTORDER_FLAGS = "";
				SYMROOT = /Users/xuchen/myGithubRepo/game/xcode;
				USE_HEADERMAP = NO;
				WARNING_CFLAGS = "$(inherited)";
			};
			name = RelWithDebInfo;
		};
		4590534529A04473B155ECEB /* Release */ = {
			isa = XCBuildConfiguration;
			buildSettings = {
				ARCHS = arm64;
				COMBINE_HIDPI_IMAGES = YES;
				EXECUTABLE_PREFIX = "";
				EXECUTABLE_SUFFIX = "";
				GCC_GENERATE_DEBUGGING_SYMBOLS = NO;
				GCC_INLINES_ARE_PRIVATE_EXTERN = NO;
				GCC_OPTIMIZATION_LEVEL = 3;
				GCC_PREPROCESSOR_DEFINITIONS = (
					"'CMAKE_INTDIR=\"$(CONFIGURATION)$(EFFECTIVE_PLATFORM_NAME)\"'",
					"$(inherited)",
				);
				GCC_SYMBOLS_PRIVATE_EXTERN = NO;
				INSTALL_PATH = "";
				LD_RUNPATH_SEARCH_PATHS = (
					/opt/homebrew/lib,
					"$(inherited)",
				);
				ONLY_ACTIVE_ARCH = NO;
				OTHER_CPLUSPLUSFLAGS = (
					"-DNDEBUG",
					"'-std=c++17'",
				);
				OTHER_LDFLAGS = (
					"-Wl,-search_paths_first",
					"-Wl,-headerpad_max_install_names",
					"/opt/homebrew/lib/libsfml-graphics.2.5.1.dylib",
					"/opt/homebrew/lib/libsfml-window.2.5.1.dylib",
					"/opt/homebrew/lib/libsfml-system.2.5.1.dylib",
					"$(inherited)",
				);
				OTHER_REZFLAGS = "";
				PRODUCT_NAME = testgame;
				SECTORDER_FLAGS = "";
				SYMROOT = /Users/xuchen/myGithubRepo/game/xcode;
				SYSTEM_HEADER_SEARCH_PATHS = (
					/opt/homebrew/include,
					"$(inherited)",
				);
				USE_HEADERMAP = NO;
				WARNING_CFLAGS = "$(inherited)";
			};
			name = Release;
		};
		49538B572BB6487CBA55615B /* MinSizeRel */ = {
			isa = XCBuildConfiguration;
			buildSettings = {
				ARCHS = arm64;
				SDKROOT = /Applications/Xcode.app/Contents/Developer/Platforms/MacOSX.platform/Developer/SDKs/MacOSX12.3.sdk;
				SYMROOT = /Users/xuchen/myGithubRepo/game/xcode/build;
			};
			name = MinSizeRel;
		};
		4F1F1CC857E24433A2C7D512 /* Release */ = {
			isa = XCBuildConfiguration;
			buildSettings = {
				ARCHS = arm64;
				COMBINE_HIDPI_IMAGES = YES;
				GCC_GENERATE_DEBUGGING_SYMBOLS = YES;
				GCC_INLINES_ARE_PRIVATE_EXTERN = NO;
				GCC_OPTIMIZATION_LEVEL = 0;
				GCC_PREPROCESSOR_DEFINITIONS = (
					"'CMAKE_INTDIR=\"$(CONFIGURATION)$(EFFECTIVE_PLATFORM_NAME)\"'",
					"$(inherited)",
				);
				GCC_SYMBOLS_PRIVATE_EXTERN = NO;
				INSTALL_PATH = "";
				ONLY_ACTIVE_ARCH = NO;
				OTHER_LDFLAGS = " $(inherited)";
				OTHER_REZFLAGS = "";
				PRODUCT_NAME = ALL_BUILD;
				SECTORDER_FLAGS = "";
				SYMROOT = /Users/xuchen/myGithubRepo/game/xcode;
				USE_HEADERMAP = NO;
				WARNING_CFLAGS = "$(inherited)";
			};
			name = Release;
		};
		640C8B1B007647219D2788D3 /* Debug */ = {
			isa = XCBuildConfiguration;
			buildSettings = {
				ARCHS = arm64;
				COMBINE_HIDPI_IMAGES = YES;
				EXECUTABLE_PREFIX = "";
				EXECUTABLE_SUFFIX = "";
				GCC_GENERATE_DEBUGGING_SYMBOLS = YES;
				GCC_INLINES_ARE_PRIVATE_EXTERN = NO;
				GCC_OPTIMIZATION_LEVEL = 0;
				GCC_PREPROCESSOR_DEFINITIONS = (
					"'CMAKE_INTDIR=\"$(CONFIGURATION)$(EFFECTIVE_PLATFORM_NAME)\"'",
					"$(inherited)",
				);
				GCC_SYMBOLS_PRIVATE_EXTERN = NO;
				INSTALL_PATH = "";
				LD_RUNPATH_SEARCH_PATHS = (
					/opt/homebrew/lib,
					"$(inherited)",
				);
				ONLY_ACTIVE_ARCH = NO;
				OTHER_CPLUSPLUSFLAGS = "   '-std=c++17' ";
				OTHER_LDFLAGS = (
					"-Wl,-search_paths_first",
					"-Wl,-headerpad_max_install_names",
					"/opt/homebrew/lib/libsfml-graphics.2.5.1.dylib",
					"/opt/homebrew/lib/libsfml-window.2.5.1.dylib",
					"/opt/homebrew/lib/libsfml-system.2.5.1.dylib",
					"$(inherited)",
				);
				OTHER_REZFLAGS = "";
				PRODUCT_NAME = testgame;
				SECTORDER_FLAGS = "";
				SYMROOT = /Users/xuchen/myGithubRepo/game/xcode;
				SYSTEM_HEADER_SEARCH_PATHS = (
					/opt/homebrew/include,
					"$(inherited)",
				);
				USE_HEADERMAP = NO;
				WARNING_CFLAGS = "$(inherited)";
			};
			name = Debug;
		};
		660534A2239B4135A38489A1 /* MinSizeRel */ = {
			isa = XCBuildConfiguration;
			buildSettings = {
				ARCHS = arm64;
				COMBINE_HIDPI_IMAGES = YES;
				EXECUTABLE_PREFIX = "";
				EXECUTABLE_SUFFIX = "";
				GCC_GENERATE_DEBUGGING_SYMBOLS = NO;
				GCC_INLINES_ARE_PRIVATE_EXTERN = NO;
				GCC_OPTIMIZATION_LEVEL = s;
				GCC_PREPROCESSOR_DEFINITIONS = (
					"'CMAKE_INTDIR=\"$(CONFIGURATION)$(EFFECTIVE_PLATFORM_NAME)\"'",
					"$(inherited)",
				);
				GCC_SYMBOLS_PRIVATE_EXTERN = NO;
				INSTALL_PATH = "";
				LD_RUNPATH_SEARCH_PATHS = (
					/opt/homebrew/lib,
					"$(inherited)",
				);
				ONLY_ACTIVE_ARCH = NO;
				OTHER_CPLUSPLUSFLAGS = (
					"-DNDEBUG",
					"'-std=c++17'",
				);
				OTHER_LDFLAGS = (
					"-Wl,-search_paths_first",
					"-Wl,-headerpad_max_install_names",
					"/opt/homebrew/lib/libsfml-graphics.2.5.1.dylib",
					"/opt/homebrew/lib/libsfml-window.2.5.1.dylib",
					"/opt/homebrew/lib/libsfml-system.2.5.1.dylib",
					"$(inherited)",
				);
				OTHER_REZFLAGS = "";
				PRODUCT_NAME = testgame;
				SECTORDER_FLAGS = "";
				SYMROOT = /Users/xuchen/myGithubRepo/game/xcode;
				SYSTEM_HEADER_SEARCH_PATHS = (
					/opt/homebrew/include,
					"$(inherited)",
				);
				USE_HEADERMAP = NO;
				WARNING_CFLAGS = "$(inherited)";
			};
			name = MinSizeRel;
		};
		737549F956E247289E45E490 /* Release */ = {
			isa = XCBuildConfiguration;
			buildSettings = {
				ARCHS = arm64;
				SDKROOT = /Applications/Xcode.app/Contents/Developer/Platforms/MacOSX.platform/Developer/SDKs/MacOSX12.3.sdk;
				SYMROOT = /Users/xuchen/myGithubRepo/game/xcode/build;
			};
			name = Release;
		};
		7E1097DEF04D4F2BBB7A5241 /* MinSizeRel */ = {
			isa = XCBuildConfiguration;
			buildSettings = {
				ARCHS = arm64;
				COMBINE_HIDPI_IMAGES = YES;
				GCC_GENERATE_DEBUGGING_SYMBOLS = YES;
				GCC_INLINES_ARE_PRIVATE_EXTERN = NO;
				GCC_OPTIMIZATION_LEVEL = 0;
				GCC_PREPROCESSOR_DEFINITIONS = (
					"'CMAKE_INTDIR=\"$(CONFIGURATION)$(EFFECTIVE_PLATFORM_NAME)\"'",
					"$(inherited)",
				);
				GCC_SYMBOLS_PRIVATE_EXTERN = NO;
				INSTALL_PATH = "";
				ONLY_ACTIVE_ARCH = NO;
				OTHER_LDFLAGS = " $(inherited)";
				OTHER_REZFLAGS = "";
				PRODUCT_NAME = ALL_BUILD;
				SECTORDER_FLAGS = "";
				SYMROOT = /Users/xuchen/myGithubRepo/game/xcode;
				USE_HEADERMAP = NO;
				WARNING_CFLAGS = "$(inherited)";
			};
			name = MinSizeRel;
		};
		8B5A5C510C7E43BDA02FCC18 /* Debug */ = {
			isa = XCBuildConfiguration;
			buildSettings = {
				ARCHS = arm64;
				COMBINE_HIDPI_IMAGES = YES;
				GCC_GENERATE_DEBUGGING_SYMBOLS = YES;
				GCC_INLINES_ARE_PRIVATE_EXTERN = NO;
				GCC_OPTIMIZATION_LEVEL = 0;
				GCC_PREPROCESSOR_DEFINITIONS = (
					"'CMAKE_INTDIR=\"$(CONFIGURATION)$(EFFECTIVE_PLATFORM_NAME)\"'",
					"$(inherited)",
				);
				GCC_SYMBOLS_PRIVATE_EXTERN = NO;
				INSTALL_PATH = "";
				ONLY_ACTIVE_ARCH = NO;
				OTHER_LDFLAGS = " $(inherited)";
				OTHER_REZFLAGS = "";
				PRODUCT_NAME = ZERO_CHECK;
				SECTORDER_FLAGS = "";
				SYMROOT = /Users/xuchen/myGithubRepo/game/xcode;
				USE_HEADERMAP = NO;
				WARNING_CFLAGS = "$(inherited)";
			};
			name = Debug;
		};
		A4C99D1587DD433EA67EAB2D /* Debug */ = {
			isa = XCBuildConfiguration;
			buildSettings = {
				ARCHS = arm64;
				COMBINE_HIDPI_IMAGES = YES;
				GCC_GENERATE_DEBUGGING_SYMBOLS = YES;
				GCC_INLINES_ARE_PRIVATE_EXTERN = NO;
				GCC_OPTIMIZATION_LEVEL = 0;
				GCC_PREPROCESSOR_DEFINITIONS = (
					"'CMAKE_INTDIR=\"$(CONFIGURATION)$(EFFECTIVE_PLATFORM_NAME)\"'",
					"$(inherited)",
				);
				GCC_SYMBOLS_PRIVATE_EXTERN = NO;
				INSTALL_PATH = "";
				ONLY_ACTIVE_ARCH = NO;
				OTHER_LDFLAGS = " $(inherited)";
				OTHER_REZFLAGS = "";
				PRODUCT_NAME = ALL_BUILD;
				SECTORDER_FLAGS = "";
				SYMROOT = /Users/xuchen/myGithubRepo/game/xcode;
				USE_HEADERMAP = NO;
				WARNING_CFLAGS = "$(inherited)";
			};
			name = Debug;
		};
		AF343D799E37466D9CFE3432 /* Debug */ = {
			isa = XCBuildConfiguration;
			buildSettings = {
				ARCHS = arm64;
				SDKROOT = /Applications/Xcode.app/Contents/Developer/Platforms/MacOSX.platform/Developer/SDKs/MacOSX12.3.sdk;
				SYMROOT = /Users/xuchen/myGithubRepo/game/xcode/build;
			};
			name = Debug;
		};
		D7A63ED0F66E432D97E2457B /* RelWithDebInfo */ = {
			isa = XCBuildConfiguration;
			buildSettings = {
				ARCHS = arm64;
				SDKROOT = /Applications/Xcode.app/Contents/Developer/Platforms/MacOSX.platform/Developer/SDKs/MacOSX12.3.sdk;
				SYMROOT = /Users/xuchen/myGithubRepo/game/xcode/build;
			};
			name = RelWithDebInfo;
		};
		EB2A846900EB461CA33007B4 /* MinSizeRel */ = {
			isa = XCBuildConfiguration;
			buildSettings = {
				ARCHS = arm64;
				COMBINE_HIDPI_IMAGES = YES;
				GCC_GENERATE_DEBUGGING_SYMBOLS = YES;
				GCC_INLINES_ARE_PRIVATE_EXTERN = NO;
				GCC_OPTIMIZATION_LEVEL = 0;
				GCC_PREPROCESSOR_DEFINITIONS = (
					"'CMAKE_INTDIR=\"$(CONFIGURATION)$(EFFECTIVE_PLATFORM_NAME)\"'",
					"$(inherited)",
				);
				GCC_SYMBOLS_PRIVATE_EXTERN = NO;
				INSTALL_PATH = "";
				ONLY_ACTIVE_ARCH = NO;
				OTHER_LDFLAGS = " $(inherited)";
				OTHER_REZFLAGS = "";
				PRODUCT_NAME = ZERO_CHECK;
				SECTORDER_FLAGS = "";
				SYMROOT = /Users/xuchen/myGithubRepo/game/xcode;
				USE_HEADERMAP = NO;
				WARNING_CFLAGS = "$(inherited)";
			};
			name = MinSizeRel;
		};
		ECC80BD3F3DB478A801EB28B /* RelWithDebInfo */ = {
			isa = XCBuildConfiguration;
			buildSettings = {
				ARCHS = arm64;
				COMBINE_HIDPI_IMAGES = YES;
				GCC_GENERATE_DEBUGGING_SYMBOLS = YES;
				GCC_INLINES_ARE_PRIVATE_EXTERN = NO;
				GCC_OPTIMIZATION_LEVEL = 0;
				GCC_PREPROCESSOR_DEFINITIONS = (
					"'CMAKE_INTDIR=\"$(CONFIGURATION)$(EFFECTIVE_PLATFORM_NAME)\"'",
					"$(inherited)",
				);
				GCC_SYMBOLS_PRIVATE_EXTERN = NO;
				INSTALL_PATH = "";
				ONLY_ACTIVE_ARCH = NO;
				OTHER_LDFLAGS = " $(inherited)";
				OTHER_REZFLAGS = "";
				PRODUCT_NAME = ZERO_CHECK;
				SECTORDER_FLAGS = "";
				SYMROOT = /Users/xuchen/myGithubRepo/game/xcode;
				USE_HEADERMAP = NO;
				WARNING_CFLAGS = "$(inherited)";
			};
			name = RelWithDebInfo;
		};
		FD7DC9FDC991454896A9950C /* RelWithDebInfo */ = {
			isa = XCBuildConfiguration;
			buildSettings = {
				ARCHS = arm64;
				COMBINE_HIDPI_IMAGES = YES;
				EXECUTABLE_PREFIX = "";
				EXECUTABLE_SUFFIX = "";
				GCC_GENERATE_DEBUGGING_SYMBOLS = YES;
				GCC_INLINES_ARE_PRIVATE_EXTERN = NO;
				GCC_OPTIMIZATION_LEVEL = 2;
				GCC_PREPROCESSOR_DEFINITIONS = (
					"'CMAKE_INTDIR=\"$(CONFIGURATION)$(EFFECTIVE_PLATFORM_NAME)\"'",
					"$(inherited)",
				);
				GCC_SYMBOLS_PRIVATE_EXTERN = NO;
				INSTALL_PATH = "";
				LD_RUNPATH_SEARCH_PATHS = (
					/opt/homebrew/lib,
					"$(inherited)",
				);
				ONLY_ACTIVE_ARCH = NO;
				OTHER_CPLUSPLUSFLAGS = (
					"-DNDEBUG",
					"'-std=c++17'",
				);
				OTHER_LDFLAGS = (
					"-Wl,-search_paths_first",
					"-Wl,-headerpad_max_install_names",
					"/opt/homebrew/lib/libsfml-graphics.2.5.1.dylib",
					"/opt/homebrew/lib/libsfml-window.2.5.1.dylib",
					"/opt/homebrew/lib/libsfml-system.2.5.1.dylib",
					"$(inherited)",
				);
				OTHER_REZFLAGS = "";
				PRODUCT_NAME = testgame;
				SECTORDER_FLAGS = "";
				SYMROOT = /Users/xuchen/myGithubRepo/game/xcode;
				SYSTEM_HEADER_SEARCH_PATHS = (
					/opt/homebrew/include,
					"$(inherited)",
				);
				USE_HEADERMAP = NO;
				WARNING_CFLAGS = "$(inherited)";
			};
			name = RelWithDebInfo;
		};
/* End XCBuildConfiguration section */

/* Begin XCConfigurationList section */
		0DDB257D91F340B5BFE60187 /* Build configuration list for PBXAggregateTarget "ALL_BUILD" */ = {
			isa = XCConfigurationList;
			buildConfigurations = (
				A4C99D1587DD433EA67EAB2D /* Debug */,
				4F1F1CC857E24433A2C7D512 /* Release */,
				7E1097DEF04D4F2BBB7A5241 /* MinSizeRel */,
				1F5531FEB481426F9C67B529 /* RelWithDebInfo */,
			);
			defaultConfigurationIsVisible = 0;
			defaultConfigurationName = Debug;
		};
		302F753F37EC4AC9B47D51AB /* Build configuration list for PBXAggregateTarget "ZERO_CHECK" */ = {
			isa = XCConfigurationList;
			buildConfigurations = (
				8B5A5C510C7E43BDA02FCC18 /* Debug */,
				0DA21D69FAB043E5B8DAD3DC /* Release */,
				EB2A846900EB461CA33007B4 /* MinSizeRel */,
				ECC80BD3F3DB478A801EB28B /* RelWithDebInfo */,
			);
			defaultConfigurationIsVisible = 0;
			defaultConfigurationName = Debug;
		};
		418AE63EC48A434EB8BAE025 /* Build configuration list for PBXNativeTarget "testgame" */ = {
			isa = XCConfigurationList;
			buildConfigurations = (
				640C8B1B007647219D2788D3 /* Debug */,
				4590534529A04473B155ECEB /* Release */,
				660534A2239B4135A38489A1 /* MinSizeRel */,
				FD7DC9FDC991454896A9950C /* RelWithDebInfo */,
			);
			defaultConfigurationIsVisible = 0;
			defaultConfigurationName = Debug;
		};
		59E32D369F8C4914BFEB9317 /* Build configuration list for PBXProject "game" */ = {
			isa = XCConfigurationList;
			buildConfigurations = (
				AF343D799E37466D9CFE3432 /* Debug */,
				737549F956E247289E45E490 /* Release */,
				49538B572BB6487CBA55615B /* MinSizeRel */,
				D7A63ED0F66E432D97E2457B /* RelWithDebInfo */,
			);
			defaultConfigurationIsVisible = 0;
			defaultConfigurationName = Debug;
		};
/* End XCConfigurationList section */
	};
	rootObject = 21D597C00FD74B919BE12A4F /* Project object */;
}
